{
  "originHash" : "fa376ebacc82b3ad1f2e7c97170206c30f03c0c2cda154e6e2082c7665ca818b",
  "pins" : [
    {
      "identity" : "drops",
      "kind" : "remoteSourceControl",
      "location" : "https://github.com/omaralbeik/Drops.git",
      "state" : {
        "revision" : "a183ee6f79f21c940092a19c2cba756555422371",
        "version" : "1.7.0"
      }
    },
    {
      "identity" : "onboardingkit",
      "kind" : "remoteSourceControl",
      "location" : "https://github.com/JamesSedlacek/OnboardingKit.git",
      "state" : {
        "revision" : "dfcc967b62878124b6b0f5463fe4fcdad7e5e3c9",
        "version" : "2.1.2"
      }
    },
    {
      "identity" : "sparkle",
      "kind" : "remoteSourceControl",
      "location" : "https://github.com/sparkle-project/Sparkle",
      "state" : {
        "revision" : "df074165274afaa39539c05d57b0832620775b11",
        "version" : "2.7.1"
      }
    },
    {
      "identity" : "swiftglass",
      "kind" : "remoteSourceControl",
      "location" : "https://github.com/1998code/SwiftGlass.git",
      "state" : {
        "revision" : "a012c615c36a3992fb2c9358206de2a2bd253454",
        "version" : "1.9.9"
      }
    },
    {
      "identity" : "swiftnew",
      "kind" : "remoteSourceControl",
      "location" : "https://github.com/kilianbalaguer/SwiftNEW",
      "state" : {
        "branch" : "main",
        "revision" : "d42d580c7553a34ee19c2e535c4511850a793061"
      }
    },
    {
      "identity" : "swiftvbkit",
      "kind" : "remoteSourceControl",
      "location" : "https://github.com/1998code/SwiftVBKit.git",
      "state" : {
        "revision" : "efd706f9b2522cb8f08c75a012c3c5478757379c",
        "version" : "1.4.0"
      }
    }
  ],
  "version" : 3
}
