// !$*UTF8*$!
{
	archiveVersion = 1;
	classes = {
	};
	objectVersion = 77;
	objects = {

/* Begin PBXBuildFile section */
		027978CA2E86DDE000AC2EFE /* SwiftNEW in Frameworks */ = {isa = PBXBuildFile; productRef = 027978C92E86DDE000AC2EFE /* SwiftNEW */; };
		027978CD2E86DEE300AC2EFE /* SwiftNEW in Frameworks */ = {isa = PBXBuildFile; productRef = 027978CC2E86DEE300AC2EFE /* SwiftNEW */; };
		02B3083F2E81ADB3008E8C8B /* OnboardingKit in Frameworks */ = {isa = PBXBuildFile; productRef = 02B3083E2E81ADB3008E8C8B /* OnboardingKit */; };
		02C0E1252E81864A0091E702 /* OnboardingKit in Frameworks */ = {isa = PBXBuildFile; productRef = 02C0E1242E81864A0091E702 /* OnboardingKit */; };
		02D7D8662E6C2D5D007845E0 /* Sparkle in Frameworks */ = {isa = PBXBuildFile; productRef = 02D7D8652E6C2D5D007845E0 /* Sparkle */; };
/* End PBXBuildFile section */

/* Begin PBXFileReference section */
		02724C222E6AE438002FCFC7 /* Notiq.app */ = {isa = PBXFileReference; explicitFileType = wrapper.application; includeInIndex = 0; path = Notiq.app; sourceTree = BUILT_PRODUCTS_DIR; };
		02C6ED932E7C84FE00F926E7 /* Notiq-iOS.app */ = {isa = PBXFileReference; explicitFileType = wrapper.application; includeInIndex = 0; path = "Notiq-iOS.app"; sourceTree = BUILT_PRODUCTS_DIR; };
/* End PBXFileReference section */

/* Begin PBXFileSystemSynchronizedBuildFileExceptionSet section */
		02A82D052E804E830054D22A /* Exceptions for "Notiq-iOS" folder in "Notiq" target */ = {
			isa = PBXFileSystemSynchronizedBuildFileExceptionSet;
			membershipExceptions = (
				Core/Model/CoreData/NotesContainer.xcdatamodeld,
				Resources/NotiqIcon.icon,
			);
			target = 02724C212E6AE438002FCFC7 /* Notiq */;
		};
		02E593DC2E7D9792003C6148 /* Exceptions for "Notiq" folder in "Notiq" target */ = {
			isa = PBXFileSystemSynchronizedBuildFileExceptionSet;
			membershipExceptions = (
				App/Info.plist,
			);
			target = 02724C212E6AE438002FCFC7 /* Notiq */;
		};
		02FB89BA2E83090F00586EA5 /* Exceptions for "Notiq-iOS" folder in "Notiq-iOS" target */ = {
			isa = PBXFileSystemSynchronizedBuildFileExceptionSet;
			membershipExceptions = (
				Info.plist,
			);
			target = 02C6ED922E7C84FE00F926E7 /* Notiq-iOS */;
		};
/* End PBXFileSystemSynchronizedBuildFileExceptionSet section */

/* Begin PBXFileSystemSynchronizedGroupBuildPhaseMembershipExceptionSet section */
		02A82D0B2E804FD00054D22A /* Exceptions for "Notiq-iOS" folder in "Compile Sources" phase from "Notiq-iOS" target */ = {
			isa = PBXFileSystemSynchronizedGroupBuildPhaseMembershipExceptionSet;
			buildPhase = 02C6ED8F2E7C84FE00F926E7 /* Sources */;
			membershipExceptions = (
				Resources/NotiqIcon.icon,
			);
		};
		02E593DD2E7D9792003C6148 /* Exceptions for "Notiq" folder in "Compile Sources" phase from "Notiq" target */ = {
			isa = PBXFileSystemSynchronizedGroupBuildPhaseMembershipExceptionSet;
			buildPhase = 02724C1E2E6AE438002FCFC7 /* Sources */;
			membershipExceptions = (
				App/Info.plist,
			);
		};
		02E593FB2E7D9EDC003C6148 /* Exceptions for "Notiq-iOS" folder in "Copy Bundle Resources" phase from "Notiq-iOS" target */ = {
			isa = PBXFileSystemSynchronizedGroupBuildPhaseMembershipExceptionSet;
			buildPhase = 02C6ED912E7C84FE00F926E7 /* Resources */;
			membershipExceptions = (
				Extensions/Extensions.swift,
			);
		};
/* End PBXFileSystemSynchronizedGroupBuildPhaseMembershipExceptionSet section */

/* Begin PBXFileSystemSynchronizedRootGroup section */
		02724C242E6AE438002FCFC7 /* Notiq */ = {
			isa = PBXFileSystemSynchronizedRootGroup;
			exceptions = (
				02E593DC2E7D9792003C6148 /* Exceptions for "Notiq" folder in "Notiq" target */,
				02E593DD2E7D9792003C6148 /* Exceptions for "Notiq" folder in "Compile Sources" phase from "Notiq" target */,
			);
			path = Notiq;
			sourceTree = "<group>";
		};
		02C6ED942E7C84FE00F926E7 /* Notiq-iOS */ = {
			isa = PBXFileSystemSynchronizedRootGroup;
			exceptions = (
				02A82D052E804E830054D22A /* Exceptions for "Notiq-iOS" folder in "Notiq" target */,
				02FB89BA2E83090F00586EA5 /* Exceptions for "Notiq-iOS" folder in "Notiq-iOS" target */,
				02A82D0B2E804FD00054D22A /* Exceptions for "Notiq-iOS" folder in "Compile Sources" phase from "Notiq-iOS" target */,
				02E593FB2E7D9EDC003C6148 /* Exceptions for "Notiq-iOS" folder in "Copy Bundle Resources" phase from "Notiq-iOS" target */,
			);
			path = "Notiq-iOS";
			sourceTree = "<group>";
		};
/* End PBXFileSystemSynchronizedRootGroup section */

/* Begin PBXFrameworksBuildPhase section */
		02724C1F2E6AE438002FCFC7 /* Frameworks */ = {
			isa = PBXFrameworksBuildPhase;
			buildActionMask = 2147483647;
			files = (
				02C0E1252E81864A0091E702 /* OnboardingKit in Frameworks */,
				02D7D8662E6C2D5D007845E0 /* Sparkle in Frameworks */,
			);
			runOnlyForDeploymentPostprocessing = 0;
		};
		02C6ED902E7C84FE00F926E7 /* Frameworks */ = {
			isa = PBXFrameworksBuildPhase;
			buildActionMask = 2147483647;
			files = (
				02B3083F2E81ADB3008E8C8B /* OnboardingKit in Frameworks */,
				027978CD2E86DEE300AC2EFE /* SwiftNEW in Frameworks */,
				027978CA2E86DDE000AC2EFE /* SwiftNEW in Frameworks */,
			);
			runOnlyForDeploymentPostprocessing = 0;
		};
/* End PBXFrameworksBuildPhase section */

/* Begin PBXGroup section */
		02724C192E6AE438002FCFC7 = {
			isa = PBXGroup;
			children = (
				02724C242E6AE438002FCFC7 /* Notiq */,
				02C6ED942E7C84FE00F926E7 /* Notiq-iOS */,
				02C0E1112E81803F0091E702 /* Frameworks */,
				02724C232E6AE438002FCFC7 /* Products */,
			);
			sourceTree = "<group>";
		};
		02724C232E6AE438002FCFC7 /* Products */ = {
			isa = PBXGroup;
			children = (
				02724C222E6AE438002FCFC7 /* Notiq.app */,
				02C6ED932E7C84FE00F926E7 /* Notiq-iOS.app */,
			);
			name = Products;
			sourceTree = "<group>";
		};
		02C0E1112E81803F0091E702 /* Frameworks */ = {
			isa = PBXGroup;
			children = (
			);
			name = Frameworks;
			sourceTree = "<group>";
		};
/* End PBXGroup section */

/* Begin PBXNativeTarget section */
		02724C212E6AE438002FCFC7 /* Notiq */ = {
			isa = PBXNativeTarget;
			buildConfigurationList = 02724C2D2E6AE43B002FCFC7 /* Build configuration list for PBXNativeTarget "Notiq" */;
			buildPhases = (
				02724C1E2E6AE438002FCFC7 /* Sources */,
				02724C1F2E6AE438002FCFC7 /* Frameworks */,
				02724C202E6AE438002FCFC7 /* Resources */,
			);
			buildRules = (
			);
			dependencies = (
			);
			fileSystemSynchronizedGroups = (
				02724C242E6AE438002FCFC7 /* Notiq */,
			);
			name = Notiq;
			packageProductDependencies = (
				02D7D8652E6C2D5D007845E0 /* Sparkle */,
				02C0E1242E81864A0091E702 /* OnboardingKit */,
			);
			productName = Notiq;
			productReference = 02724C222E6AE438002FCFC7 /* Notiq.app */;
			productType = "com.apple.product-type.application";
		};
		02C6ED922E7C84FE00F926E7 /* Notiq-iOS */ = {
			isa = PBXNativeTarget;
			buildConfigurationList = 02C6ED9D2E7C850100F926E7 /* Build configuration list for PBXNativeTarget "Notiq-iOS" */;
			buildPhases = (
				02C6ED8F2E7C84FE00F926E7 /* Sources */,
				02C6ED902E7C84FE00F926E7 /* Frameworks */,
				02C6ED912E7C84FE00F926E7 /* Resources */,
			);
			buildRules = (
			);
			dependencies = (
			);
			fileSystemSynchronizedGroups = (
				02C6ED942E7C84FE00F926E7 /* Notiq-iOS */,
			);
			name = "Notiq-iOS";
			packageProductDependencies = (
				02B3083E2E81ADB3008E8C8B /* OnboardingKit */,
				027978C92E86DDE000AC2EFE /* SwiftNEW */,
				027978CC2E86DEE300AC2EFE /* SwiftNEW */,
			);
			productName = "Notiq-iOS";
			productReference = 02C6ED932E7C84FE00F926E7 /* Notiq-iOS.app */;
			productType = "com.apple.product-type.application";
		};
/* End PBXNativeTarget section */

/* Begin PBXProject section */
		02724C1A2E6AE438002FCFC7 /* Project object */ = {
			isa = PBXProject;
			attributes = {
				BuildIndependentTargetsInParallel = 1;
				LastSwiftUpdateCheck = 2600;
				LastUpgradeCheck = 2600;
				TargetAttributes = {
					02724C212E6AE438002FCFC7 = {
						CreatedOnToolsVersion = 26.0;
					};
					02C6ED922E7C84FE00F926E7 = {
						CreatedOnToolsVersion = 26.0;
					};
				};
			};
			buildConfigurationList = 02724C1D2E6AE438002FCFC7 /* Build configuration list for PBXProject "Notiq" */;
			developmentRegion = en;
			hasScannedForEncodings = 0;
			knownRegions = (
				en,
				Base,
				"zh-Hans",
				ja,
				ko,
				"zh-Hant",
			);
			mainGroup = 02724C192E6AE438002FCFC7;
			minimizedProjectReferenceProxies = 1;
			packageReferences = (
				02D7D8642E6C2D5D007845E0 /* XCRemoteSwiftPackageReference "Sparkle" */,
				02C0E1232E81864A0091E702 /* XCRemoteSwiftPackageReference "OnboardingKit" */,
				027978CB2E86DEE300AC2EFE /* XCRemoteSwiftPackageReference "SwiftNEW" */,
			);
			preferredProjectObjectVersion = 77;
			productRefGroup = 02724C232E6AE438002FCFC7 /* Products */;
			projectDirPath = "";
			projectRoot = "";
			targets = (
				02724C212E6AE438002FCFC7 /* Notiq */,
				02C6ED922E7C84FE00F926E7 /* Notiq-iOS */,
			);
		};
/* End PBXProject section */

/* Begin PBXResourcesBuildPhase section */
		02724C202E6AE438002FCFC7 /* Resources */ = {
			isa = PBXResourcesBuildPhase;
			buildActionMask = 2147483647;
			files = (
			);
			runOnlyForDeploymentPostprocessing = 0;
		};
		02C6ED912E7C84FE00F926E7 /* Resources */ = {
			isa = PBXResourcesBuildPhase;
			buildActionMask = 2147483647;
			files = (
			);
			runOnlyForDeploymentPostprocessing = 0;
		};
/* End PBXResourcesBuildPhase section */

/* Begin PBXSourcesBuildPhase section */
		02724C1E2E6AE438002FCFC7 /* Sources */ = {
			isa = PBXSourcesBuildPhase;
			buildActionMask = 2147483647;
			files = (
			);
			runOnlyForDeploymentPostprocessing = 0;
		};
		02C6ED8F2E7C84FE00F926E7 /* Sources */ = {
			isa = PBXSourcesBuildPhase;
			buildActionMask = 2147483647;
			files = (
			);
			runOnlyForDeploymentPostprocessing = 0;
		};
/* End PBXSourcesBuildPhase section */

/* Begin XCBuildConfiguration section */
		02724C2B2E6AE43B002FCFC7 /* Debug */ = {
			isa = XCBuildConfiguration;
			buildSettings = {
				ALWAYS_SEARCH_USER_PATHS = NO;
				ASSETCATALOG_COMPILER_GENERATE_SWIFT_ASSET_SYMBOL_EXTENSIONS = YES;
				CLANG_ANALYZER_NONNULL = YES;
				CLANG_ANALYZER_NUMBER_OBJECT_CONVERSION = YES_AGGRESSIVE;
				CLANG_CXX_LANGUAGE_STANDARD = "gnu++20";
				CLANG_ENABLE_MODULES = YES;
				CLANG_ENABLE_OBJC_ARC = YES;
				CLANG_ENABLE_OBJC_WEAK = YES;
				CLANG_WARN_BLOCK_CAPTURE_AUTORELEASING = YES;
				CLANG_WARN_BOOL_CONVERSION = YES;
				CLANG_WARN_COMMA = YES;
				CLANG_WARN_CONSTANT_CONVERSION = YES;
				CLANG_WARN_DEPRECATED_OBJC_IMPLEMENTATIONS = YES;
				CLANG_WARN_DIRECT_OBJC_ISA_USAGE = YES_ERROR;
				CLANG_WARN_DOCUMENTATION_COMMENTS = YES;
				CLANG_WARN_EMPTY_BODY = YES;
				CLANG_WARN_ENUM_CONVERSION = YES;
				CLANG_WARN_INFINITE_RECURSION = YES;
				CLANG_WARN_INT_CONVERSION = YES;
				CLANG_WARN_NON_LITERAL_NULL_CONVERSION = YES;
				CLANG_WARN_OBJC_IMPLICIT_RETAIN_SELF = YES;
				CLANG_WARN_OBJC_LITERAL_CONVERSION = YES;
				CLANG_WARN_OBJC_ROOT_CLASS = YES_ERROR;
				CLANG_WARN_QUOTED_INCLUDE_IN_FRAMEWORK_HEADER = YES;
				CLANG_WARN_RANGE_LOOP_ANALYSIS = YES;
				CLANG_WARN_STRICT_PROTOTYPES = YES;
				CLANG_WARN_SUSPICIOUS_MOVE = YES;
				CLANG_WARN_UNGUARDED_AVAILABILITY = YES_AGGRESSIVE;
				CLANG_WARN_UNREACHABLE_CODE = YES;
				CLANG_WARN__DUPLICATE_METHOD_MATCH = YES;
				COPY_PHASE_STRIP = NO;
				DEBUG_INFORMATION_FORMAT = dwarf;
				DEVELOPMENT_TEAM = 229G5Z3R2F;
				ENABLE_STRICT_OBJC_MSGSEND = YES;
				ENABLE_TESTABILITY = YES;
				ENABLE_USER_SCRIPT_SANDBOXING = YES;
				GCC_C_LANGUAGE_STANDARD = gnu17;
				GCC_DYNAMIC_NO_PIC = NO;
				GCC_NO_COMMON_BLOCKS = YES;
				GCC_OPTIMIZATION_LEVEL = 0;
				GCC_PREPROCESSOR_DEFINITIONS = (
					"DEBUG=1",
					"$(inherited)",
				);
				GCC_WARN_64_TO_32_BIT_CONVERSION = YES;
				GCC_WARN_ABOUT_RETURN_TYPE = YES_ERROR;
				GCC_WARN_UNDECLARED_SELECTOR = YES;
				GCC_WARN_UNINITIALIZED_AUTOS = YES_AGGRESSIVE;
				GCC_WARN_UNUSED_FUNCTION = YES;
				GCC_WARN_UNUSED_VARIABLE = YES;
				LOCALIZATION_PREFERS_STRING_CATALOGS = YES;
				MACOSX_DEPLOYMENT_TARGET = 15.6;
				MTL_ENABLE_DEBUG_INFO = INCLUDE_SOURCE;
				MTL_FAST_MATH = YES;
				ONLY_ACTIVE_ARCH = YES;
				SDKROOT = macosx;
				SWIFT_ACTIVE_COMPILATION_CONDITIONS = "DEBUG $(inherited)";
				SWIFT_OPTIMIZATION_LEVEL = "-Onone";
			};
			name = Debug;
		};
		02724C2C2E6AE43B002FCFC7 /* Release */ = {
			isa = XCBuildConfiguration;
			buildSettings = {
				ALWAYS_SEARCH_USER_PATHS = NO;
				ASSETCATALOG_COMPILER_GENERATE_SWIFT_ASSET_SYMBOL_EXTENSIONS = YES;
				CLANG_ANALYZER_NONNULL = YES;
				CLANG_ANALYZER_NUMBER_OBJECT_CONVERSION = YES_AGGRESSIVE;
				CLANG_CXX_LANGUAGE_STANDARD = "gnu++20";
				CLANG_ENABLE_MODULES = YES;
				CLANG_ENABLE_OBJC_ARC = YES;
				CLANG_ENABLE_OBJC_WEAK = YES;
				CLANG_WARN_BLOCK_CAPTURE_AUTORELEASING = YES;
				CLANG_WARN_BOOL_CONVERSION = YES;
				CLANG_WARN_COMMA = YES;
				CLANG_WARN_CONSTANT_CONVERSION = YES;
				CLANG_WARN_DEPRECATED_OBJC_IMPLEMENTATIONS = YES;
				CLANG_WARN_DIRECT_OBJC_ISA_USAGE = YES_ERROR;
				CLANG_WARN_DOCUMENTATION_COMMENTS = YES;
				CLANG_WARN_EMPTY_BODY = YES;
				CLANG_WARN_ENUM_CONVERSION = YES;
				CLANG_WARN_INFINITE_RECURSION = YES;
				CLANG_WARN_INT_CONVERSION = YES;
				CLANG_WARN_NON_LITERAL_NULL_CONVERSION = YES;
				CLANG_WARN_OBJC_IMPLICIT_RETAIN_SELF = YES;
				CLANG_WARN_OBJC_LITERAL_CONVERSION = YES;
				CLANG_WARN_OBJC_ROOT_CLASS = YES_ERROR;
				CLANG_WARN_QUOTED_INCLUDE_IN_FRAMEWORK_HEADER = YES;
				CLANG_WARN_RANGE_LOOP_ANALYSIS = YES;
				CLANG_WARN_STRICT_PROTOTYPES = YES;
				CLANG_WARN_SUSPICIOUS_MOVE = YES;
				CLANG_WARN_UNGUARDED_AVAILABILITY = YES_AGGRESSIVE;
				CLANG_WARN_UNREACHABLE_CODE = YES;
				CLANG_WARN__DUPLICATE_METHOD_MATCH = YES;
				COPY_PHASE_STRIP = NO;
				DEBUG_INFORMATION_FORMAT = "dwarf-with-dsym";
				DEVELOPMENT_TEAM = 229G5Z3R2F;
				ENABLE_NS_ASSERTIONS = NO;
				ENABLE_STRICT_OBJC_MSGSEND = YES;
				ENABLE_USER_SCRIPT_SANDBOXING = YES;
				GCC_C_LANGUAGE_STANDARD = gnu17;
				GCC_NO_COMMON_BLOCKS = YES;
				GCC_WARN_64_TO_32_BIT_CONVERSION = YES;
				GCC_WARN_ABOUT_RETURN_TYPE = YES_ERROR;
				GCC_WARN_UNDECLARED_SELECTOR = YES;
				GCC_WARN_UNINITIALIZED_AUTOS = YES_AGGRESSIVE;
				GCC_WARN_UNUSED_FUNCTION = YES;
				GCC_WARN_UNUSED_VARIABLE = YES;
				LOCALIZATION_PREFERS_STRING_CATALOGS = YES;
				MACOSX_DEPLOYMENT_TARGET = 15.6;
				MTL_ENABLE_DEBUG_INFO = NO;
				MTL_FAST_MATH = YES;
				SDKROOT = macosx;
				SWIFT_COMPILATION_MODE = wholemodule;
			};
			name = Release;
		};
		02724C2E2E6AE43B002FCFC7 /* Debug */ = {
			isa = XCBuildConfiguration;
			buildSettings = {
				ASSETCATALOG_COMPILER_APPICON_NAME = NotiqIcon;
				ASSETCATALOG_COMPILER_GLOBAL_ACCENT_COLOR_NAME = AccentColor;
				AUTOMATION_APPLE_EVENTS = NO;
				CODE_SIGN_ENTITLEMENTS = Notiq/App/Notiq.entitlements;
				CODE_SIGN_STYLE = Automatic;
				COMBINE_HIDPI_IMAGES = YES;
				CURRENT_PROJECT_VERSION = "1.0.0-nightly.1";
				DEVELOPMENT_TEAM = 229G5Z3R2F;
				ENABLE_APP_SANDBOX = YES;
				ENABLE_HARDENED_RUNTIME = NO;
				ENABLE_INCOMING_NETWORK_CONNECTIONS = YES;
				ENABLE_OUTGOING_NETWORK_CONNECTIONS = YES;
				ENABLE_PREVIEWS = YES;
				ENABLE_RESOURCE_ACCESS_AUDIO_INPUT = NO;
				ENABLE_RESOURCE_ACCESS_BLUETOOTH = NO;
				ENABLE_RESOURCE_ACCESS_CALENDARS = NO;
				ENABLE_RESOURCE_ACCESS_CAMERA = NO;
				ENABLE_RESOURCE_ACCESS_CONTACTS = NO;
				ENABLE_RESOURCE_ACCESS_LOCATION = NO;
				ENABLE_RESOURCE_ACCESS_PHOTO_LIBRARY = NO;
				ENABLE_RESOURCE_ACCESS_PRINTING = NO;
				ENABLE_RESOURCE_ACCESS_USB = NO;
				ENABLE_USER_SELECTED_FILES = readonly;
				GENERATE_INFOPLIST_FILE = YES;
				INFOPLIST_FILE = Notiq/App/Info.plist;
				INFOPLIST_KEY_CFBundleDisplayName = Notiq;
				INFOPLIST_KEY_NSHumanReadableCopyright = "Apache 2.0";
				LD_RUNPATH_SEARCH_PATHS = (
					"$(inherited)",
					"@executable_path/../Frameworks",
				);
				MACOSX_DEPLOYMENT_TARGET = 15.0;
				MARKETING_VERSION = "1.0.0-nightly.1";
				PRODUCT_BUNDLE_IDENTIFIER = com.NotiqTeam.NotiqApp;
				PRODUCT_NAME = "$(TARGET_NAME)";
				REGISTER_APP_GROUPS = YES;
				RUNTIME_EXCEPTION_ALLOW_DYLD_ENVIRONMENT_VARIABLES = NO;
				RUNTIME_EXCEPTION_ALLOW_JIT = NO;
				RUNTIME_EXCEPTION_ALLOW_UNSIGNED_EXECUTABLE_MEMORY = NO;
				RUNTIME_EXCEPTION_DEBUGGING_TOOL = NO;
				RUNTIME_EXCEPTION_DISABLE_EXECUTABLE_PAGE_PROTECTION = NO;
				RUNTIME_EXCEPTION_DISABLE_LIBRARY_VALIDATION = NO;
				STRING_CATALOG_GENERATE_SYMBOLS = YES;
				SWIFT_APPROACHABLE_CONCURRENCY = YES;
				SWIFT_DEFAULT_ACTOR_ISOLATION = MainActor;
				SWIFT_EMIT_LOC_STRINGS = YES;
				SWIFT_UPCOMING_FEATURE_MEMBER_IMPORT_VISIBILITY = YES;
				SWIFT_VERSION = 5.0;
			};
			name = Debug;
		};
		02724C2F2E6AE43B002FCFC7 /* Release */ = {
			isa = XCBuildConfiguration;
			buildSettings = {
				ASSETCATALOG_COMPILER_APPICON_NAME = NotiqIcon;
				ASSETCATALOG_COMPILER_GLOBAL_ACCENT_COLOR_NAME = AccentColor;
				AUTOMATION_APPLE_EVENTS = NO;
				CODE_SIGN_ENTITLEMENTS = Notiq/App/Notiq.entitlements;
				CODE_SIGN_STYLE = Automatic;
				COMBINE_HIDPI_IMAGES = YES;
				CURRENT_PROJECT_VERSION = "1.0.0-nightly.1";
				DEVELOPMENT_TEAM = 229G5Z3R2F;
				ENABLE_APP_SANDBOX = YES;
				ENABLE_HARDENED_RUNTIME = NO;
				ENABLE_INCOMING_NETWORK_CONNECTIONS = YES;
				ENABLE_OUTGOING_NETWORK_CONNECTIONS = YES;
				ENABLE_PREVIEWS = YES;
				ENABLE_RESOURCE_ACCESS_AUDIO_INPUT = NO;
				ENABLE_RESOURCE_ACCESS_BLUETOOTH = NO;
				ENABLE_RESOURCE_ACCESS_CALENDARS = NO;
				ENABLE_RESOURCE_ACCESS_CAMERA = NO;
				ENABLE_RESOURCE_ACCESS_CONTACTS = NO;
				ENABLE_RESOURCE_ACCESS_LOCATION = NO;
				ENABLE_RESOURCE_ACCESS_PHOTO_LIBRARY = NO;
				ENABLE_RESOURCE_ACCESS_PRINTING = NO;
				ENABLE_RESOURCE_ACCESS_USB = NO;
				ENABLE_USER_SELECTED_FILES = readonly;
				GENERATE_INFOPLIST_FILE = YES;
				INFOPLIST_FILE = Notiq/App/Info.plist;
				INFOPLIST_KEY_CFBundleDisplayName = Notiq;
				INFOPLIST_KEY_NSHumanReadableCopyright = "Apache 2.0";
				LD_RUNPATH_SEARCH_PATHS = (
					"$(inherited)",
					"@executable_path/../Frameworks",
				);
				MACOSX_DEPLOYMENT_TARGET = 15.0;
				MARKETING_VERSION = "1.0.0-nightly.1";
				PRODUCT_BUNDLE_IDENTIFIER = com.NotiqTeam.NotiqApp;
				PRODUCT_NAME = "$(TARGET_NAME)";
				REGISTER_APP_GROUPS = YES;
				RUNTIME_EXCEPTION_ALLOW_DYLD_ENVIRONMENT_VARIABLES = NO;
				RUNTIME_EXCEPTION_ALLOW_JIT = NO;
				RUNTIME_EXCEPTION_ALLOW_UNSIGNED_EXECUTABLE_MEMORY = NO;
				RUNTIME_EXCEPTION_DEBUGGING_TOOL = NO;
				RUNTIME_EXCEPTION_DISABLE_EXECUTABLE_PAGE_PROTECTION = NO;
				RUNTIME_EXCEPTION_DISABLE_LIBRARY_VALIDATION = NO;
				STRING_CATALOG_GENERATE_SYMBOLS = YES;
				SWIFT_APPROACHABLE_CONCURRENCY = YES;
				SWIFT_DEFAULT_ACTOR_ISOLATION = MainActor;
				SWIFT_EMIT_LOC_STRINGS = YES;
				SWIFT_UPCOMING_FEATURE_MEMBER_IMPORT_VISIBILITY = YES;
				SWIFT_VERSION = 5.0;
			};
			name = Release;
		};
		02C6ED9B2E7C850100F926E7 /* Debug */ = {
			isa = XCBuildConfiguration;
			buildSettings = {
				ASSETCATALOG_COMPILER_APPICON_NAME = NotiqIcon;
				ASSETCATALOG_COMPILER_GLOBAL_ACCENT_COLOR_NAME = AccentColor;
				ASSETCATALOG_COMPILER_INCLUDE_ALL_APPICON_ASSETS = NO;
				CODE_SIGN_ENTITLEMENTS = "Notiq-iOS/Notiq-iOS.entitlements";
				CODE_SIGN_STYLE = Automatic;
				CURRENT_PROJECT_VERSION = 2025.09.26;
				DEVELOPMENT_TEAM = 229G5Z3R2F;
				ENABLE_PREVIEWS = YES;
				GENERATE_INFOPLIST_FILE = YES;
				INFOPLIST_FILE = "Notiq-iOS/Info.plist";
				INFOPLIST_KEY_CFBundleDisplayName = Notiq;
				INFOPLIST_KEY_NSFaceIDUsageDescription = "FaceID Permission is needed to use FaceID to unlock Notes and Notiq App itself";
				INFOPLIST_KEY_UIApplicationSceneManifest_Generation = YES;
				INFOPLIST_KEY_UIApplicationSupportsIndirectInputEvents = YES;
				INFOPLIST_KEY_UILaunchScreen_Generation = YES;
				INFOPLIST_KEY_UISupportedInterfaceOrientations = UIInterfaceOrientationPortrait;
				INFOPLIST_KEY_UISupportedInterfaceOrientations_iPad = "UIInterfaceOrientationLandscapeLeft UIInterfaceOrientationLandscapeRight UIInterfaceOrientationPortrait UIInterfaceOrientationPortraitUpsideDown";
				IPHONEOS_DEPLOYMENT_TARGET = 26.0;
				LD_RUNPATH_SEARCH_PATHS = (
					"$(inherited)",
					"@executable_path/Frameworks",
				);
				MARKETING_VERSION = "1.0.0-nightly.1";
				PRODUCT_BUNDLE_IDENTIFIER = com.NotiqTeam.NotiqApp;
				PRODUCT_NAME = "$(TARGET_NAME)";
				SDKROOT = iphoneos;
				STRING_CATALOG_GENERATE_SYMBOLS = YES;
				SWIFT_APPROACHABLE_CONCURRENCY = YES;
				SWIFT_DEFAULT_ACTOR_ISOLATION = MainActor;
				SWIFT_EMIT_LOC_STRINGS = YES;
				SWIFT_UPCOMING_FEATURE_MEMBER_IMPORT_VISIBILITY = YES;
				SWIFT_VERSION = 5.0;
				TARGETED_DEVICE_FAMILY = "1,2";
			};
			name = Debug;
		};
		02C6ED9C2E7C850100F926E7 /* Release */ = {
			isa = XCBuildConfiguration;
			buildSettings = {
				ASSETCATALOG_COMPILER_APPICON_NAME = NotiqIcon;
				ASSETCATALOG_COMPILER_GLOBAL_ACCENT_COLOR_NAME = AccentColor;
				ASSETCATALOG_COMPILER_INCLUDE_ALL_APPICON_ASSETS = NO;
				CODE_SIGN_ENTITLEMENTS = "Notiq-iOS/Notiq-iOS.entitlements";
				CODE_SIGN_STYLE = Automatic;
				CURRENT_PROJECT_VERSION = 2025.09.26;
				DEVELOPMENT_TEAM = 229G5Z3R2F;
				ENABLE_PREVIEWS = YES;
				GENERATE_INFOPLIST_FILE = YES;
				INFOPLIST_FILE = "Notiq-iOS/Info.plist";
				INFOPLIST_KEY_CFBundleDisplayName = Notiq;
				INFOPLIST_KEY_NSFaceIDUsageDescription = "FaceID Permission is needed to use FaceID to unlock Notes and Notiq App itself";
				INFOPLIST_KEY_UIApplicationSceneManifest_Generation = YES;
				INFOPLIST_KEY_UIApplicationSupportsIndirectInputEvents = YES;
				INFOPLIST_KEY_UILaunchScreen_Generation = YES;
				INFOPLIST_KEY_UISupportedInterfaceOrientations = UIInterfaceOrientationPortrait;
				INFOPLIST_KEY_UISupportedInterfaceOrientations_iPad = "UIInterfaceOrientationLandscapeLeft UIInterfaceOrientationLandscapeRight UIInterfaceOrientationPortrait UIInterfaceOrientationPortraitUpsideDown";
				IPHONEOS_DEPLOYMENT_TARGET = 26.0;
				LD_RUNPATH_SEARCH_PATHS = (
					"$(inherited)",
					"@executable_path/Frameworks",
				);
				MARKETING_VERSION = "1.0.0-nightly.1";
				PRODUCT_BUNDLE_IDENTIFIER = com.NotiqTeam.NotiqApp;
				PRODUCT_NAME = "$(TARGET_NAME)";
				SDKROOT = iphoneos;
				STRING_CATALOG_GENERATE_SYMBOLS = YES;
				SWIFT_APPROACHABLE_CONCURRENCY = YES;
				SWIFT_DEFAULT_ACTOR_ISOLATION = MainActor;
				SWIFT_EMIT_LOC_STRINGS = YES;
				SWIFT_UPCOMING_FEATURE_MEMBER_IMPORT_VISIBILITY = YES;
				SWIFT_VERSION = 5.0;
				TARGETED_DEVICE_FAMILY = "1,2";
				VALIDATE_PRODUCT = YES;
			};
			name = Release;
		};
/* End XCBuildConfiguration section */

/* Begin XCConfigurationList section */
		02724C1D2E6AE438002FCFC7 /* Build configuration list for PBXProject "Notiq" */ = {
			isa = XCConfigurationList;
			buildConfigurations = (
				02724C2B2E6AE43B002FCFC7 /* Debug */,
				02724C2C2E6AE43B002FCFC7 /* Release */,
			);
			defaultConfigurationIsVisible = 0;
			defaultConfigurationName = Release;
		};
		02724C2D2E6AE43B002FCFC7 /* Build configuration list for PBXNativeTarget "Notiq" */ = {
			isa = XCConfigurationList;
			buildConfigurations = (
				02724C2E2E6AE43B002FCFC7 /* Debug */,
				02724C2F2E6AE43B002FCFC7 /* Release */,
			);
			defaultConfigurationIsVisible = 0;
			defaultConfigurationName = Release;
		};
		02C6ED9D2E7C850100F926E7 /* Build configuration list for PBXNativeTarget "Notiq-iOS" */ = {
			isa = XCConfigurationList;
			buildConfigurations = (
				02C6ED9B2E7C850100F926E7 /* Debug */,
				02C6ED9C2E7C850100F926E7 /* Release */,
			);
			defaultConfigurationIsVisible = 0;
			defaultConfigurationName = Release;
		};
/* End XCConfigurationList section */

/* Begin XCRemoteSwiftPackageReference section */
		027978CB2E86DEE300AC2EFE /* XCRemoteSwiftPackageReference "SwiftNEW" */ = {
			isa = XCRemoteSwiftPackageReference;
			repositoryURL = "https://github.com/kilianbalaguer/SwiftNEW";
			requirement = {
				branch = main;
				kind = branch;
			};
		};
		02C0E1232E81864A0091E702 /* XCRemoteSwiftPackageReference "OnboardingKit" */ = {
			isa = XCRemoteSwiftPackageReference;
			repositoryURL = "https://github.com/JamesSedlacek/OnboardingKit.git";
			requirement = {
				kind = upToNextMajorVersion;
				minimumVersion = 2.1.2;
			};
		};
		02D7D8642E6C2D5D007845E0 /* XCRemoteSwiftPackageReference "Sparkle" */ = {
			isa = XCRemoteSwiftPackageReference;
			repositoryURL = "https://github.com/sparkle-project/Sparkle";
			requirement = {
				kind = upToNextMajorVersion;
				minimumVersion = 2.7.1;
			};
		};
/* End XCRemoteSwiftPackageReference section */

/* Begin XCSwiftPackageProductDependency section */
		027978C92E86DDE000AC2EFE /* SwiftNEW */ = {
			isa = XCSwiftPackageProductDependency;
			productName = SwiftNEW;
		};
		027978CC2E86DEE300AC2EFE /* SwiftNEW */ = {
			isa = XCSwiftPackageProductDependency;
			package = 027978CB2E86DEE300AC2EFE /* XCRemoteSwiftPackageReference "SwiftNEW" */;
			productName = SwiftNEW;
		};
		02B3083E2E81ADB3008E8C8B /* OnboardingKit */ = {
			isa = XCSwiftPackageProductDependency;
			package = 02C0E1232E81864A0091E702 /* XCRemoteSwiftPackageReference "OnboardingKit" */;
			productName = OnboardingKit;
		};
		02C0E1242E81864A0091E702 /* OnboardingKit */ = {
			isa = XCSwiftPackageProductDependency;
			package = 02C0E1232E81864A0091E702 /* XCRemoteSwiftPackageReference "OnboardingKit" */;
			productName = OnboardingKit;
		};
		02D7D8652E6C2D5D007845E0 /* Sparkle */ = {
			isa = XCSwiftPackageProductDependency;
			package = 02D7D8642E6C2D5D007845E0 /* XCRemoteSwiftPackageReference "Sparkle" */;
			productName = Sparkle;
		};
/* End XCSwiftPackageProductDependency section */
	};
	rootObject = 02724C1A2E6AE438002FCFC7 /* Project object */;
}
